# THIS IS AN AUTOGENERATED FILE. DO NOT EDIT THIS FILE DIRECTLY.
# yarn lockfile v1


"@olo/principled-forms@link:../principled-forms/packages/principled-forms":
  version "0.0.0"
  uid ""

"true-myth@2.2.4", "true-myth@^2.2.4":
  version "2.2.4"
  resolved "https://registry.yarnpkg.com/true-myth/-/true-myth-2.2.4.tgz#cbab923b2c918d62ae50d05953fb10e0d1a9e234"
  integrity sha512-GxhD8jYkyeDJVo7PgbsERaUUCKkROe3Mi77RnGBwO63SeefgqnmxhulaYSgGFJufFCRfaHGdCdDHfsDf6/1aRQ==

typescript@3.2.4:
  version "3.2.4"
  resolved "https://registry.yarnpkg.com/typescript/-/typescript-3.2.4.tgz#c585cb952912263d915b462726ce244ba510ef3d"
  integrity sha512-0RNDbSdEokBeEAkgNbxJ+BLwSManFy9TeXz8uW+48j/xhEXv1ePME60olyzw2XzUqUBNAYFeJadIqAgNqIACwg==
